// !$*UTF8*$!
{
	archiveVersion = 1;
	classes = {
	};
	objectVersion = 55;
	objects = {

/* Begin PBXBuildFile section */
		AEE172D628985114005D0E0D /* SpellingView.swift in Sources */ = {isa = PBXBuildFile; fileRef = AEE172D528985113005D0E0D /* SpellingView.swift */; };
		AEFD7DA2289C2E16007C68DE /* bier.mp3 in Resources */ = {isa = PBXBuildFile; fileRef = AEFD7DA1289C2E16007C68DE /* bier.mp3 */; };
		AEFD7DA4289C2E1C007C68DE /* bivouac.mp3 in Resources */ = {isa = PBXBuildFile; fileRef = AEFD7DA3289C2E1C007C68DE /* bivouac.mp3 */; };
		AEFD7DA6289C2E23007C68DE /* Chaucerian.mp3 in Resources */ = {isa = PBXBuildFile; fileRef = AEFD7DA5289C2E23007C68DE /* Chaucerian.mp3 */; };
		AEFD7DA8289C2E2B007C68DE /* coyote.mp3 in Resources */ = {isa = PBXBuildFile; fileRef = AEFD7DA7289C2E2B007C68DE /* coyote.mp3 */; };
		AEFD7DAA289C2E32007C68DE /* crustacean.mp3 in Resources */ = {isa = PBXBuildFile; fileRef = AEFD7DA9289C2E32007C68DE /* crustacean.mp3 */; };
		AEFD7DAC289C2E3A007C68DE /* dalmatian.mp3 in Resources */ = {isa = PBXBuildFile; fileRef = AEFD7DAB289C2E3A007C68DE /* dalmatian.mp3 */; };
		AEFD7DAE289C2E43007C68DE /* Des Moines.mp3 in Resources */ = {isa = PBXBuildFile; fileRef = AEFD7DAD289C2E43007C68DE /* Des Moines.mp3 */; };
		AEFD7DB0289C2E4B007C68DE /* dire.mp3 in Resources */ = {isa = PBXBuildFile; fileRef = AEFD7DAF289C2E4B007C68DE /* dire.mp3 */; };
		AEFD7DB2289C2E52007C68DE /* Edinburgh.mp3 in Resources */ = {isa = PBXBuildFile; fileRef = AEFD7DB1289C2E52007C68DE /* Edinburgh.mp3 */; };
		AEFD7DB4289C2E5A007C68DE /* exerts.mp3 in Resources */ = {isa = PBXBuildFile; fileRef = AEFD7DB3289C2E5A007C68DE /* exerts.mp3 */; };
		AEFD7DB6289C2E61007C68DE /* heirloom.mp3 in Resources */ = {isa = PBXBuildFile; fileRef = AEFD7DB5289C2E61007C68DE /* heirloom.mp3 */; };
		AEFD7DB8289C2E67007C68DE /* impolite.mp3 in Resources */ = {isa = PBXBuildFile; fileRef = AEFD7DB7289C2E67007C68DE /* impolite.mp3 */; };
		AEFD7DBC289C2E83007C68DE /* man-o'-war.mp3 in Resources */ = {isa = PBXBuildFile; fileRef = AEFD7DBB289C2E83007C68DE /* man-o'-war.mp3 */; };
		AEFD7DBE289C2E8B007C68DE /* mastodon.mp3 in Resources */ = {isa = PBXBuildFile; fileRef = AEFD7DBD289C2E8B007C68DE /* mastodon.mp3 */; };
		AEFD7DC7289C2E9C007C68DE /* topological.mp3 in Resources */ = {isa = PBXBuildFile; fileRef = AEFD7DBF289C2E9B007C68DE /* topological.mp3 */; };
		AEFD7DC8289C2E9C007C68DE /* Wales.mp3 in Resources */ = {isa = PBXBuildFile; fileRef = AEFD7DC0289C2E9B007C68DE /* Wales.mp3 */; };
		AEFD7DC9289C2E9C007C68DE /* mousse.mp3 in Resources */ = {isa = PBXBuildFile; fileRef = AEFD7DC1289C2E9C007C68DE /* mousse.mp3 */; };
		AEFD7DCA289C2E9C007C68DE /* wreaked.mp3 in Resources */ = {isa = PBXBuildFile; fileRef = AEFD7DC2289C2E9C007C68DE /* wreaked.mp3 */; };
		AEFD7DCB289C2E9C007C68DE /* motley.mp3 in Resources */ = {isa = PBXBuildFile; fileRef = AEFD7DC3289C2E9C007C68DE /* motley.mp3 */; };
		AEFD7DCC289C2E9C007C68DE /* reveal.mp3 in Resources */ = {isa = PBXBuildFile; fileRef = AEFD7DC4289C2E9C007C68DE /* reveal.mp3 */; };
		AEFD7DCD289C2E9C007C68DE /* mete.mp3 in Resources */ = {isa = PBXBuildFile; fileRef = AEFD7DC5289C2E9C007C68DE /* mete.mp3 */; };
		AEFD7DCE289C2E9C007C68DE /* New Hampshire.mp3 in Resources */ = {isa = PBXBuildFile; fileRef = AEFD7DC6289C2E9C007C68DE /* New Hampshire.mp3 */; };
		AEFD7E36289C3178007C68DE /* adduced.mp3 in Resources */ = {isa = PBXBuildFile; fileRef = AEFD7E35289C3178007C68DE /* adduced.mp3 */; };
		AEFD7E6A289C494C007C68DE /* knot.mp3 in Resources */ = {isa = PBXBuildFile; fileRef = AEFD7E69289C494C007C68DE /* knot.mp3 */; };
		AEFD7E6C289C4955007C68DE /* Japan.mp3 in Resources */ = {isa = PBXBuildFile; fileRef = AEFD7E6B289C4954007C68DE /* Japan.mp3 */; };
		D68C34FE289ADE1C0091271F /* QuestionView.swift in Sources */ = {isa = PBXBuildFile; fileRef = D68C34FD289ADE1C0091271F /* QuestionView.swift */; };
		D69584E32898251400775641 /* JeopardBeeApp.swift in Sources */ = {isa = PBXBuildFile; fileRef = D69584E22898251400775641 /* JeopardBeeApp.swift */; };
		D69584E52898251400775641 /* ContentView.swift in Sources */ = {isa = PBXBuildFile; fileRef = D69584E42898251400775641 /* ContentView.swift */; };
		D69584E72898251500775641 /* Assets.xcassets in Resources */ = {isa = PBXBuildFile; fileRef = D69584E62898251500775641 /* Assets.xcassets */; };
		D69584EA2898251500775641 /* Preview Assets.xcassets in Resources */ = {isa = PBXBuildFile; fileRef = D69584E92898251500775641 /* Preview Assets.xcassets */; };
/* End PBXBuildFile section */

/* Begin PBXFileReference section */
		AEE172D528985113005D0E0D /* SpellingView.swift */ = {isa = PBXFileReference; lastKnownFileType = sourcecode.swift; path = SpellingView.swift; sourceTree = "<group>"; };
		AEFD7DA1289C2E16007C68DE /* bier.mp3 */ = {isa = PBXFileReference; lastKnownFileType = audio.mp3; path = bier.mp3; sourceTree = "<group>"; };
		AEFD7DA3289C2E1C007C68DE /* bivouac.mp3 */ = {isa = PBXFileReference; lastKnownFileType = audio.mp3; path = bivouac.mp3; sourceTree = "<group>"; };
		AEFD7DA5289C2E23007C68DE /* Chaucerian.mp3 */ = {isa = PBXFileReference; lastKnownFileType = audio.mp3; path = Chaucerian.mp3; sourceTree = "<group>"; };
		AEFD7DA7289C2E2B007C68DE /* coyote.mp3 */ = {isa = PBXFileReference; lastKnownFileType = audio.mp3; path = coyote.mp3; sourceTree = "<group>"; };
		AEFD7DA9289C2E32007C68DE /* crustacean.mp3 */ = {isa = PBXFileReference; lastKnownFileType = audio.mp3; path = crustacean.mp3; sourceTree = "<group>"; };
		AEFD7DAB289C2E3A007C68DE /* dalmatian.mp3 */ = {isa = PBXFileReference; lastKnownFileType = audio.mp3; path = dalmatian.mp3; sourceTree = "<group>"; };
		AEFD7DAD289C2E43007C68DE /* Des Moines.mp3 */ = {isa = PBXFileReference; lastKnownFileType = audio.mp3; path = "Des Moines.mp3"; sourceTree = "<group>"; };
		AEFD7DAF289C2E4B007C68DE /* dire.mp3 */ = {isa = PBXFileReference; lastKnownFileType = audio.mp3; path = dire.mp3; sourceTree = "<group>"; };
		AEFD7DB1289C2E52007C68DE /* Edinburgh.mp3 */ = {isa = PBXFileReference; lastKnownFileType = audio.mp3; path = Edinburgh.mp3; sourceTree = "<group>"; };
		AEFD7DB3289C2E5A007C68DE /* exerts.mp3 */ = {isa = PBXFileReference; lastKnownFileType = audio.mp3; path = exerts.mp3; sourceTree = "<group>"; };
		AEFD7DB5289C2E61007C68DE /* heirloom.mp3 */ = {isa = PBXFileReference; lastKnownFileType = audio.mp3; path = heirloom.mp3; sourceTree = "<group>"; };
		AEFD7DB7289C2E67007C68DE /* impolite.mp3 */ = {isa = PBXFileReference; lastKnownFileType = audio.mp3; path = impolite.mp3; sourceTree = "<group>"; };
		AEFD7DBB289C2E83007C68DE /* man-o'-war.mp3 */ = {isa = PBXFileReference; lastKnownFileType = audio.mp3; path = "man-o'-war.mp3"; sourceTree = "<group>"; };
		AEFD7DBD289C2E8B007C68DE /* mastodon.mp3 */ = {isa = PBXFileReference; lastKnownFileType = audio.mp3; path = mastodon.mp3; sourceTree = "<group>"; };
		AEFD7DBF289C2E9B007C68DE /* topological.mp3 */ = {isa = PBXFileReference; lastKnownFileType = audio.mp3; path = topological.mp3; sourceTree = "<group>"; };
		AEFD7DC0289C2E9B007C68DE /* Wales.mp3 */ = {isa = PBXFileReference; lastKnownFileType = audio.mp3; path = Wales.mp3; sourceTree = "<group>"; };
		AEFD7DC1289C2E9C007C68DE /* mousse.mp3 */ = {isa = PBXFileReference; lastKnownFileType = audio.mp3; path = mousse.mp3; sourceTree = "<group>"; };
		AEFD7DC2289C2E9C007C68DE /* wreaked.mp3 */ = {isa = PBXFileReference; lastKnownFileType = audio.mp3; path = wreaked.mp3; sourceTree = "<group>"; };
		AEFD7DC3289C2E9C007C68DE /* motley.mp3 */ = {isa = PBXFileReference; lastKnownFileType = audio.mp3; path = motley.mp3; sourceTree = "<group>"; };
		AEFD7DC4289C2E9C007C68DE /* reveal.mp3 */ = {isa = PBXFileReference; lastKnownFileType = audio.mp3; path = reveal.mp3; sourceTree = "<group>"; };
		AEFD7DC5289C2E9C007C68DE /* mete.mp3 */ = {isa = PBXFileReference; lastKnownFileType = audio.mp3; path = mete.mp3; sourceTree = "<group>"; };
		AEFD7DC6289C2E9C007C68DE /* New Hampshire.mp3 */ = {isa = PBXFileReference; lastKnownFileType = audio.mp3; path = "New Hampshire.mp3"; sourceTree = "<group>"; };
		AEFD7E35289C3178007C68DE /* adduced.mp3 */ = {isa = PBXFileReference; lastKnownFileType = audio.mp3; path = adduced.mp3; sourceTree = "<group>"; };
		AEFD7E69289C494C007C68DE /* knot.mp3 */ = {isa = PBXFileReference; lastKnownFileType = audio.mp3; path = knot.mp3; sourceTree = "<group>"; };
		AEFD7E6B289C4954007C68DE /* Japan.mp3 */ = {isa = PBXFileReference; lastKnownFileType = audio.mp3; path = Japan.mp3; sourceTree = "<group>"; };
		D68C34FD289ADE1C0091271F /* QuestionView.swift */ = {isa = PBXFileReference; lastKnownFileType = sourcecode.swift; path = QuestionView.swift; sourceTree = "<group>"; };
		D69584DF2898251400775641 /* JeopardBee.app */ = {isa = PBXFileReference; explicitFileType = wrapper.application; includeInIndex = 0; path = JeopardBee.app; sourceTree = BUILT_PRODUCTS_DIR; };
		D69584E22898251400775641 /* JeopardBeeApp.swift */ = {isa = PBXFileReference; lastKnownFileType = sourcecode.swift; path = JeopardBeeApp.swift; sourceTree = "<group>"; };
		D69584E42898251400775641 /* ContentView.swift */ = {isa = PBXFileReference; lastKnownFileType = sourcecode.swift; path = ContentView.swift; sourceTree = "<group>"; };
		D69584E62898251500775641 /* Assets.xcassets */ = {isa = PBXFileReference; lastKnownFileType = folder.assetcatalog; path = Assets.xcassets; sourceTree = "<group>"; };
		D69584E92898251500775641 /* Preview Assets.xcassets */ = {isa = PBXFileReference; lastKnownFileType = folder.assetcatalog; path = "Preview Assets.xcassets"; sourceTree = "<group>"; };
/* End PBXFileReference section */

/* Begin PBXFrameworksBuildPhase section */
		D69584DC2898251400775641 /* Frameworks */ = {
			isa = PBXFrameworksBuildPhase;
			buildActionMask = 2147483647;
			files = (
			);
			runOnlyForDeploymentPostprocessing = 0;
		};
/* End PBXFrameworksBuildPhase section */

/* Begin PBXGroup section */
		AEE172D92899F121005D0E0D /* Audio */ = {
			isa = PBXGroup;
			children = (
				AEFD7E6B289C4954007C68DE /* Japan.mp3 */,
				AEFD7E69289C494C007C68DE /* knot.mp3 */,
				AEFD7E35289C3178007C68DE /* adduced.mp3 */,
				AEFD7DA1289C2E16007C68DE /* bier.mp3 */,
				AEFD7DA3289C2E1C007C68DE /* bivouac.mp3 */,
				AEFD7DA5289C2E23007C68DE /* Chaucerian.mp3 */,
				AEFD7DA7289C2E2B007C68DE /* coyote.mp3 */,
				AEFD7DA9289C2E32007C68DE /* crustacean.mp3 */,
				AEFD7DAB289C2E3A007C68DE /* dalmatian.mp3 */,
				AEFD7DAD289C2E43007C68DE /* Des Moines.mp3 */,
				AEFD7DAF289C2E4B007C68DE /* dire.mp3 */,
				AEFD7DB1289C2E52007C68DE /* Edinburgh.mp3 */,
				AEFD7DB3289C2E5A007C68DE /* exerts.mp3 */,
				AEFD7DB5289C2E61007C68DE /* heirloom.mp3 */,
				AEFD7DB7289C2E67007C68DE /* impolite.mp3 */,
				AEFD7DBB289C2E83007C68DE /* man-o'-war.mp3 */,
				AEFD7DBD289C2E8B007C68DE /* mastodon.mp3 */,
				AEFD7DC5289C2E9C007C68DE /* mete.mp3 */,
				AEFD7DC3289C2E9C007C68DE /* motley.mp3 */,
				AEFD7DC1289C2E9C007C68DE /* mousse.mp3 */,
				AEFD7DC6289C2E9C007C68DE /* New Hampshire.mp3 */,
				AEFD7DC4289C2E9C007C68DE /* reveal.mp3 */,
				AEFD7DBF289C2E9B007C68DE /* topological.mp3 */,
				AEFD7DC0289C2E9B007C68DE /* Wales.mp3 */,
				AEFD7DC2289C2E9C007C68DE /* wreaked.mp3 */,
			);
			path = Audio;
			sourceTree = "<group>";
		};
		D68C34FA289ACFCF0091271F /* Recovered References */ = {
			isa = PBXGroup;
			children = (
			);
			name = "Recovered References";
			sourceTree = "<group>";
		};
		D69584D62898251400775641 = {
			isa = PBXGroup;
			children = (
				D69584E12898251400775641 /* JeopardBee */,
				D69584E02898251400775641 /* Products */,
				D68C34FA289ACFCF0091271F /* Recovered References */,
			);
			sourceTree = "<group>";
		};
		D69584E02898251400775641 /* Products */ = {
			isa = PBXGroup;
			children = (
				D69584DF2898251400775641 /* JeopardBee.app */,
			);
			name = Products;
			sourceTree = "<group>";
		};
		D69584E12898251400775641 /* JeopardBee */ = {
			isa = PBXGroup;
			children = (
				D69584E22898251400775641 /* JeopardBeeApp.swift */,
				D69584E42898251400775641 /* ContentView.swift */,
				AEE172D528985113005D0E0D /* SpellingView.swift */,
				D68C34FD289ADE1C0091271F /* QuestionView.swift */,
				AEE172D92899F121005D0E0D /* Audio */,
				D69584E62898251500775641 /* Assets.xcassets */,
				D69584E82898251500775641 /* Preview Content */,
			);
			path = JeopardBee;
			sourceTree = "<group>";
		};
		D69584E82898251500775641 /* Preview Content */ = {
			isa = PBXGroup;
			children = (
				D69584E92898251500775641 /* Preview Assets.xcassets */,
			);
			path = "Preview Content";
			sourceTree = "<group>";
		};
/* End PBXGroup section */

/* Begin PBXNativeTarget section */
		D69584DE2898251400775641 /* JeopardBee */ = {
			isa = PBXNativeTarget;
			buildConfigurationList = D69584ED2898251500775641 /* Build configuration list for PBXNativeTarget "JeopardBee" */;
			buildPhases = (
				D69584DB2898251400775641 /* Sources */,
				D69584DC2898251400775641 /* Frameworks */,
				D69584DD2898251400775641 /* Resources */,
			);
			buildRules = (
			);
			dependencies = (
			);
			name = JeopardBee;
			productName = JeopardBee;
			productReference = D69584DF2898251400775641 /* JeopardBee.app */;
			productType = "com.apple.product-type.application";
		};
/* End PBXNativeTarget section */

/* Begin PBXProject section */
		D69584D72898251400775641 /* Project object */ = {
			isa = PBXProject;
			attributes = {
				BuildIndependentTargetsInParallel = 1;
				LastSwiftUpdateCheck = 1340;
				LastUpgradeCheck = 1340;
				TargetAttributes = {
					D69584DE2898251400775641 = {
						CreatedOnToolsVersion = 13.4.1;
					};
				};
			};
			buildConfigurationList = D69584DA2898251400775641 /* Build configuration list for PBXProject "JeopardBee" */;
			compatibilityVersion = "Xcode 13.0";
			developmentRegion = en;
			hasScannedForEncodings = 0;
			knownRegions = (
				en,
				Base,
			);
			mainGroup = D69584D62898251400775641;
			productRefGroup = D69584E02898251400775641 /* Products */;
			projectDirPath = "";
			projectRoot = "";
			targets = (
				D69584DE2898251400775641 /* JeopardBee */,
			);
		};
/* End PBXProject section */

/* Begin PBXResourcesBuildPhase section */
		D69584DD2898251400775641 /* Resources */ = {
			isa = PBXResourcesBuildPhase;
			buildActionMask = 2147483647;
			files = (
				AEFD7DB8289C2E67007C68DE /* impolite.mp3 in Resources */,
				AEFD7DCE289C2E9C007C68DE /* New Hampshire.mp3 in Resources */,
				D69584EA2898251500775641 /* Preview Assets.xcassets in Resources */,
				AEFD7DCB289C2E9C007C68DE /* motley.mp3 in Resources */,
				AEFD7DC7289C2E9C007C68DE /* topological.mp3 in Resources */,
				AEFD7DBE289C2E8B007C68DE /* mastodon.mp3 in Resources */,
				AEFD7DA2289C2E16007C68DE /* bier.mp3 in Resources */,
				AEFD7DA8289C2E2B007C68DE /* coyote.mp3 in Resources */,
				AEFD7DB0289C2E4B007C68DE /* dire.mp3 in Resources */,
				AEFD7DA4289C2E1C007C68DE /* bivouac.mp3 in Resources */,
				AEFD7DAA289C2E32007C68DE /* crustacean.mp3 in Resources */,
				AEFD7DC8289C2E9C007C68DE /* Wales.mp3 in Resources */,
				AEFD7E36289C3178007C68DE /* adduced.mp3 in Resources */,
				AEFD7DB6289C2E61007C68DE /* heirloom.mp3 in Resources */,
				AEFD7DB2289C2E52007C68DE /* Edinburgh.mp3 in Resources */,
				AEFD7DAC289C2E3A007C68DE /* dalmatian.mp3 in Resources */,
				AEFD7E6A289C494C007C68DE /* knot.mp3 in Resources */,
				D69584E72898251500775641 /* Assets.xcassets in Resources */,
				AEFD7DB4289C2E5A007C68DE /* exerts.mp3 in Resources */,
				AEFD7DCC289C2E9C007C68DE /* reveal.mp3 in Resources */,
				AEFD7DA6289C2E23007C68DE /* Chaucerian.mp3 in Resources */,
				AEFD7DBC289C2E83007C68DE /* man-o'-war.mp3 in Resources */,
				AEFD7E6C289C4955007C68DE /* Japan.mp3 in Resources */,
				AEFD7DCA289C2E9C007C68DE /* wreaked.mp3 in Resources */,
				AEFD7DCD289C2E9C007C68DE /* mete.mp3 in Resources */,
				AEFD7DC9289C2E9C007C68DE /* mousse.mp3 in Resources */,
				AEFD7DAE289C2E43007C68DE /* Des Moines.mp3 in Resources */,
			);
			runOnlyForDeploymentPostprocessing = 0;
		};
/* End PBXResourcesBuildPhase section */

/* Begin PBXSourcesBuildPhase section */
		D69584DB2898251400775641 /* Sources */ = {
			isa = PBXSourcesBuildPhase;
			buildActionMask = 2147483647;
			files = (
				D68C34FE289ADE1C0091271F /* QuestionView.swift in Sources */,
				AEE172D628985114005D0E0D /* SpellingView.swift in Sources */,
				D69584E52898251400775641 /* ContentView.swift in Sources */,
				D69584E32898251400775641 /* JeopardBeeApp.swift in Sources */,
			);
			runOnlyForDeploymentPostprocessing = 0;
		};
/* End PBXSourcesBuildPhase section */

/* Begin XCBuildConfiguration section */
		D69584EB2898251500775641 /* Debug */ = {
			isa = XCBuildConfiguration;
			buildSettings = {
				ALWAYS_SEARCH_USER_PATHS = NO;
				CLANG_ANALYZER_NONNULL = YES;
				CLANG_ANALYZER_NUMBER_OBJECT_CONVERSION = YES_AGGRESSIVE;
				CLANG_CXX_LANGUAGE_STANDARD = "gnu++17";
				CLANG_ENABLE_MODULES = YES;
				CLANG_ENABLE_OBJC_ARC = YES;
				CLANG_ENABLE_OBJC_WEAK = YES;
				CLANG_WARN_BLOCK_CAPTURE_AUTORELEASING = YES;
				CLANG_WARN_BOOL_CONVERSION = YES;
				CLANG_WARN_COMMA = YES;
				CLANG_WARN_CONSTANT_CONVERSION = YES;
				CLANG_WARN_DEPRECATED_OBJC_IMPLEMENTATIONS = YES;
				CLANG_WARN_DIRECT_OBJC_ISA_USAGE = YES_ERROR;
				CLANG_WARN_DOCUMENTATION_COMMENTS = YES;
				CLANG_WARN_EMPTY_BODY = YES;
				CLANG_WARN_ENUM_CONVERSION = YES;
				CLANG_WARN_INFINITE_RECURSION = YES;
				CLANG_WARN_INT_CONVERSION = YES;
				CLANG_WARN_NON_LITERAL_NULL_CONVERSION = YES;
				CLANG_WARN_OBJC_IMPLICIT_RETAIN_SELF = YES;
				CLANG_WARN_OBJC_LITERAL_CONVERSION = YES;
				CLANG_WARN_OBJC_ROOT_CLASS = YES_ERROR;
				CLANG_WARN_QUOTED_INCLUDE_IN_FRAMEWORK_HEADER = YES;
				CLANG_WARN_RANGE_LOOP_ANALYSIS = YES;
				CLANG_WARN_STRICT_PROTOTYPES = YES;
				CLANG_WARN_SUSPICIOUS_MOVE = YES;
				CLANG_WARN_UNGUARDED_AVAILABILITY = YES_AGGRESSIVE;
				CLANG_WARN_UNREACHABLE_CODE = YES;
				CLANG_WARN__DUPLICATE_METHOD_MATCH = YES;
				COPY_PHASE_STRIP = NO;
				DEBUG_INFORMATION_FORMAT = dwarf;
				ENABLE_STRICT_OBJC_MSGSEND = YES;
				ENABLE_TESTABILITY = YES;
				GCC_C_LANGUAGE_STANDARD = gnu11;
				GCC_DYNAMIC_NO_PIC = NO;
				GCC_NO_COMMON_BLOCKS = YES;
				GCC_OPTIMIZATION_LEVEL = 0;
				GCC_PREPROCESSOR_DEFINITIONS = (
					"DEBUG=1",
					"$(inherited)",
				);
				GCC_WARN_64_TO_32_BIT_CONVERSION = YES;
				GCC_WARN_ABOUT_RETURN_TYPE = YES_ERROR;
				GCC_WARN_UNDECLARED_SELECTOR = YES;
				GCC_WARN_UNINITIALIZED_AUTOS = YES_AGGRESSIVE;
				GCC_WARN_UNUSED_FUNCTION = YES;
				GCC_WARN_UNUSED_VARIABLE = YES;
				IPHONEOS_DEPLOYMENT_TARGET = 15.5;
				MTL_ENABLE_DEBUG_INFO = INCLUDE_SOURCE;
				MTL_FAST_MATH = YES;
				ONLY_ACTIVE_ARCH = YES;
				SDKROOT = iphoneos;
				SWIFT_ACTIVE_COMPILATION_CONDITIONS = DEBUG;
				SWIFT_OPTIMIZATION_LEVEL = "-Onone";
			};
			name = Debug;
		};
		D69584EC2898251500775641 /* Release */ = {
			isa = XCBuildConfiguration;
			buildSettings = {
				ALWAYS_SEARCH_USER_PATHS = NO;
				CLANG_ANALYZER_NONNULL = YES;
				CLANG_ANALYZER_NUMBER_OBJECT_CONVERSION = YES_AGGRESSIVE;
				CLANG_CXX_LANGUAGE_STANDARD = "gnu++17";
				CLANG_ENABLE_MODULES = YES;
				CLANG_ENABLE_OBJC_ARC = YES;
				CLANG_ENABLE_OBJC_WEAK = YES;
				CLANG_WARN_BLOCK_CAPTURE_AUTORELEASING = YES;
				CLANG_WARN_BOOL_CONVERSION = YES;
				CLANG_WARN_COMMA = YES;
				CLANG_WARN_CONSTANT_CONVERSION = YES;
				CLANG_WARN_DEPRECATED_OBJC_IMPLEMENTATIONS = YES;
				CLANG_WARN_DIRECT_OBJC_ISA_USAGE = YES_ERROR;
				CLANG_WARN_DOCUMENTATION_COMMENTS = YES;
				CLANG_WARN_EMPTY_BODY = YES;
				CLANG_WARN_ENUM_CONVERSION = YES;
				CLANG_WARN_INFINITE_RECURSION = YES;
				CLANG_WARN_INT_CONVERSION = YES;
				CLANG_WARN_NON_LITERAL_NULL_CONVERSION = YES;
				CLANG_WARN_OBJC_IMPLICIT_RETAIN_SELF = YES;
				CLANG_WARN_OBJC_LITERAL_CONVERSION = YES;
				CLANG_WARN_OBJC_ROOT_CLASS = YES_ERROR;
				CLANG_WARN_QUOTED_INCLUDE_IN_FRAMEWORK_HEADER = YES;
				CLANG_WARN_RANGE_LOOP_ANALYSIS = YES;
				CLANG_WARN_STRICT_PROTOTYPES = YES;
				CLANG_WARN_SUSPICIOUS_MOVE = YES;
				CLANG_WARN_UNGUARDED_AVAILABILITY = YES_AGGRESSIVE;
				CLANG_WARN_UNREACHABLE_CODE = YES;
				CLANG_WARN__DUPLICATE_METHOD_MATCH = YES;
				COPY_PHASE_STRIP = NO;
				DEBUG_INFORMATION_FORMAT = "dwarf-with-dsym";
				ENABLE_NS_ASSERTIONS = NO;
				ENABLE_STRICT_OBJC_MSGSEND = YES;
				GCC_C_LANGUAGE_STANDARD = gnu11;
				GCC_NO_COMMON_BLOCKS = YES;
				GCC_WARN_64_TO_32_BIT_CONVERSION = YES;
				GCC_WARN_ABOUT_RETURN_TYPE = YES_ERROR;
				GCC_WARN_UNDECLARED_SELECTOR = YES;
				GCC_WARN_UNINITIALIZED_AUTOS = YES_AGGRESSIVE;
				GCC_WARN_UNUSED_FUNCTION = YES;
				GCC_WARN_UNUSED_VARIABLE = YES;
				IPHONEOS_DEPLOYMENT_TARGET = 15.5;
				MTL_ENABLE_DEBUG_INFO = NO;
				MTL_FAST_MATH = YES;
				SDKROOT = iphoneos;
				SWIFT_COMPILATION_MODE = wholemodule;
				SWIFT_OPTIMIZATION_LEVEL = "-O";
				VALIDATE_PRODUCT = YES;
			};
			name = Release;
		};
		D69584EE2898251500775641 /* Debug */ = {
			isa = XCBuildConfiguration;
			buildSettings = {
				ASSETCATALOG_COMPILER_APPICON_NAME = AppIcon;
				ASSETCATALOG_COMPILER_GLOBAL_ACCENT_COLOR_NAME = AccentColor;
				CODE_SIGN_STYLE = Automatic;
				CURRENT_PROJECT_VERSION = 1;
				DEVELOPMENT_ASSET_PATHS = "\"JeopardBee/Preview Content\"";
				DEVELOPMENT_TEAM = R4D27MBAV9;
				ENABLE_PREVIEWS = YES;
				GENERATE_INFOPLIST_FILE = YES;
				INFOPLIST_KEY_UIApplicationSceneManifest_Generation = YES;
				INFOPLIST_KEY_UIApplicationSupportsIndirectInputEvents = YES;
				INFOPLIST_KEY_UILaunchScreen_Generation = YES;
				INFOPLIST_KEY_UISupportedInterfaceOrientations_iPad = "UIInterfaceOrientationPortrait UIInterfaceOrientationPortraitUpsideDown UIInterfaceOrientationLandscapeLeft UIInterfaceOrientationLandscapeRight";
				INFOPLIST_KEY_UISupportedInterfaceOrientations_iPhone = "UIInterfaceOrientationPortrait UIInterfaceOrientationLandscapeLeft UIInterfaceOrientationLandscapeRight";
				LD_RUNPATH_SEARCH_PATHS = (
					"$(inherited)",
					"@executable_path/Frameworks",
				);
				MARKETING_VERSION = 1.0;
				PRODUCT_BUNDLE_IDENTIFIER = com.PurlaTechnology.JeopardBee;
				PRODUCT_NAME = "$(TARGET_NAME)";
				SWIFT_EMIT_LOC_STRINGS = YES;
				SWIFT_VERSION = 5.0;
				TARGETED_DEVICE_FAMILY = "1,2";
			};
			name = Debug;
		};
		D69584EF2898251500775641 /* Release */ = {
			isa = XCBuildConfiguration;
			buildSettings = {
				ASSETCATALOG_COMPILER_APPICON_NAME = AppIcon;
				ASSETCATALOG_COMPILER_GLOBAL_ACCENT_COLOR_NAME = AccentColor;
				CODE_SIGN_STYLE = Automatic;
				CURRENT_PROJECT_VERSION = 1;
				DEVELOPMENT_ASSET_PATHS = "\"JeopardBee/Preview Content\"";
				DEVELOPMENT_TEAM = R4D27MBAV9;
				ENABLE_PREVIEWS = YES;
				GENERATE_INFOPLIST_FILE = YES;
				INFOPLIST_KEY_UIApplicationSceneManifest_Generation = YES;
				INFOPLIST_KEY_UIApplicationSupportsIndirectInputEvents = YES;
				INFOPLIST_KEY_UILaunchScreen_Generation = YES;
				INFOPLIST_KEY_UISupportedInterfaceOrientations_iPad = "UIInterfaceOrientationPortrait UIInterfaceOrientationPortraitUpsideDown UIInterfaceOrientationLandscapeLeft UIInterfaceOrientationLandscapeRight";
				INFOPLIST_KEY_UISupportedInterfaceOrientations_iPhone = "UIInterfaceOrientationPortrait UIInterfaceOrientationLandscapeLeft UIInterfaceOrientationLandscapeRight";
				LD_RUNPATH_SEARCH_PATHS = (
					"$(inherited)",
					"@executable_path/Frameworks",
				);
				MARKETING_VERSION = 1.0;
				PRODUCT_BUNDLE_IDENTIFIER = com.PurlaTechnology.JeopardBee;
				PRODUCT_NAME = "$(TARGET_NAME)";
				SWIFT_EMIT_LOC_STRINGS = YES;
				SWIFT_VERSION = 5.0;
				TARGETED_DEVICE_FAMILY = "1,2";
			};
			name = Release;
		};
/* End XCBuildConfiguration section */

/* Begin XCConfigurationList section */
		D69584DA2898251400775641 /* Build configuration list for PBXProject "JeopardBee" */ = {
			isa = XCConfigurationList;
			buildConfigurations = (
				D69584EB2898251500775641 /* Debug */,
				D69584EC2898251500775641 /* Release */,
			);
			defaultConfigurationIsVisible = 0;
			defaultConfigurationName = Release;
		};
		D69584ED2898251500775641 /* Build configuration list for PBXNativeTarget "JeopardBee" */ = {
			isa = XCConfigurationList;
			buildConfigurations = (
				D69584EE2898251500775641 /* Debug */,
				D69584EF2898251500775641 /* Release */,
			);
			defaultConfigurationIsVisible = 0;
			defaultConfigurationName = Release;
		};
/* End XCConfigurationList section */
	};
	rootObject = D69584D72898251400775641 /* Project object */;
}
